// !$*UTF8*$!
{
	archiveVersion = 1;
	classes = {
	};
	objectVersion = 56;
	objects = {

/* Begin PBXBuildFile section */
		4624A11A2BADEF9E0014D729 /* NoItemsView.swift in Sources */ = {isa = PBXBuildFile; fileRef = 4624A1192BADEF9E0014D729 /* NoItemsView.swift */; };
		4624A11D2BAE22C40014D729 /* Launch Screen.storyboard in Resources */ = {isa = PBXBuildFile; fileRef = 4624A11C2BAE22C40014D729 /* Launch Screen.storyboard */; };
		4624A1512BB49AE10014D729 /* SoundManager.swift in Sources */ = {isa = PBXBuildFile; fileRef = 4624A1502BB49AE10014D729 /* SoundManager.swift */; };
		4624A1542BB49C240014D729 /* Harry-Potter-Theme.mp3 in Resources */ = {isa = PBXBuildFile; fileRef = 4624A1532BB49C240014D729 /* Harry-Potter-Theme.mp3 */; };
		4624A1562BC01D0F0014D729 /* HapticsManager.swift in Sources */ = {isa = PBXBuildFile; fileRef = 4624A1552BC01D0F0014D729 /* HapticsManager.swift */; };
		4624A1582BC0213A0014D729 /* NotificationManager.swift in Sources */ = {isa = PBXBuildFile; fileRef = 4624A1572BC0213A0014D729 /* NotificationManager.swift */; };
		4624A15A2BC18B3D0014D729 /* CharacterModel.swift in Sources */ = {isa = PBXBuildFile; fileRef = 4624A1592BC18B3D0014D729 /* CharacterModel.swift */; };
		4624A15C2BC1962C0014D729 /* APIManager.swift in Sources */ = {isa = PBXBuildFile; fileRef = 4624A15B2BC1962C0014D729 /* APIManager.swift */; };
		4624A2252BD686950014D729 /* Image.swift in Sources */ = {isa = PBXBuildFile; fileRef = 4624A2242BD686950014D729 /* Image.swift */; };
		4624A2302BD7D9550014D729 /* PreviewProvider.swift in Sources */ = {isa = PBXBuildFile; fileRef = 4624A22F2BD7D9550014D729 /* PreviewProvider.swift */; };
		4624A2332BD7E0FB0014D729 /* CachedAsyncImage in Frameworks */ = {isa = PBXBuildFile; productRef = 4624A2322BD7E0FB0014D729 /* CachedAsyncImage */; };
		4624A2372BD7E3C80014D729 /* DetailCollectionView.swift in Sources */ = {isa = PBXBuildFile; fileRef = 4624A2362BD7E3C80014D729 /* DetailCollectionView.swift */; };
		4624A2392BD97B790014D729 /* DescriptionViewGeneric.swift in Sources */ = {isa = PBXBuildFile; fileRef = 4624A2382BD97B790014D729 /* DescriptionViewGeneric.swift */; };
		4624A23C2BD990B70014D729 /* DismissButton.swift in Sources */ = {isa = PBXBuildFile; fileRef = 4624A23B2BD990B70014D729 /* DismissButton.swift */; };
		4624A23E2BD993800014D729 /* InfoGridView.swift in Sources */ = {isa = PBXBuildFile; fileRef = 4624A23D2BD993800014D729 /* InfoGridView.swift */; };
		4624A2402BDA7ED40014D729 /* MoreInfoSheet.swift in Sources */ = {isa = PBXBuildFile; fileRef = 4624A23F2BDA7ED40014D729 /* MoreInfoSheet.swift */; };
		4624A2442BDFD4720014D729 /* MovieModel.swift in Sources */ = {isa = PBXBuildFile; fileRef = 4624A2432BDFD4720014D729 /* MovieModel.swift */; };
		4624A2482BE389780014D729 /* MovieDetailsView.swift in Sources */ = {isa = PBXBuildFile; fileRef = 4624A2472BE389780014D729 /* MovieDetailsView.swift */; };
		4624A24A2BE3A6E80014D729 /* MovieDetailsViewModel.swift in Sources */ = {isa = PBXBuildFile; fileRef = 4624A2492BE3A6E80014D729 /* MovieDetailsViewModel.swift */; };
		4624A24C2BEB95950014D729 /* OvalComponentView.swift in Sources */ = {isa = PBXBuildFile; fileRef = 4624A24B2BEB95950014D729 /* OvalComponentView.swift */; };
		4626405E2BA0949A00F5F22C /* HarryPotterLandApp.swift in Sources */ = {isa = PBXBuildFile; fileRef = 4626405D2BA0949A00F5F22C /* HarryPotterLandApp.swift */; };
		462640622BA0949C00F5F22C /* Assets.xcassets in Resources */ = {isa = PBXBuildFile; fileRef = 462640612BA0949C00F5F22C /* Assets.xcassets */; };
		462640652BA0949C00F5F22C /* Preview Assets.xcassets in Resources */ = {isa = PBXBuildFile; fileRef = 462640642BA0949C00F5F22C /* Preview Assets.xcassets */; };
		4626406C2BA095E700F5F22C /* WelcomeView.swift in Sources */ = {isa = PBXBuildFile; fileRef = 4626406B2BA095E700F5F22C /* WelcomeView.swift */; };
		4626406F2BA096F000F5F22C /* HarryP-MVZ6w.ttf in Resources */ = {isa = PBXBuildFile; fileRef = 4626406E2BA096F000F5F22C /* HarryP-MVZ6w.ttf */; };
		462640732BA0977500F5F22C /* Constants.swift in Sources */ = {isa = PBXBuildFile; fileRef = 462640722BA0977500F5F22C /* Constants.swift */; };
		462640762BA0C14F00F5F22C /* HomeView.swift in Sources */ = {isa = PBXBuildFile; fileRef = 462640752BA0C14F00F5F22C /* HomeView.swift */; };
		462640792BA0C21B00F5F22C /* ImageLoaderManager.swift in Sources */ = {isa = PBXBuildFile; fileRef = 462640782BA0C21B00F5F22C /* ImageLoaderManager.swift */; };
		4626407C2BA0CCD900F5F22C /* HomeViewModel.swift in Sources */ = {isa = PBXBuildFile; fileRef = 4626407B2BA0CCD900F5F22C /* HomeViewModel.swift */; };
		4626407F2BA0FDB400F5F22C /* ViewModifiers.swift in Sources */ = {isa = PBXBuildFile; fileRef = 4626407E2BA0FDB400F5F22C /* ViewModifiers.swift */; };
		462640812BA104D000F5F22C /* CharacterDetailsView.swift in Sources */ = {isa = PBXBuildFile; fileRef = 462640802BA104D000F5F22C /* CharacterDetailsView.swift */; };
		462640872BA1F12C00F5F22C /* CharacterDetailsViewModel.swift in Sources */ = {isa = PBXBuildFile; fileRef = 462640862BA1F12C00F5F22C /* CharacterDetailsViewModel.swift */; };
		462640892BA46FAB00F5F22C /* ReusableGridView.swift in Sources */ = {isa = PBXBuildFile; fileRef = 462640882BA46FAB00F5F22C /* ReusableGridView.swift */; };
		46FE7C482BA89CF100100FD1 /* FavouritesView.swift in Sources */ = {isa = PBXBuildFile; fileRef = 46FE7C472BA89CF100100FD1 /* FavouritesView.swift */; };
		46FE7C4A2BA8A28F00100FD1 /* FavouritesListRow.swift in Sources */ = {isa = PBXBuildFile; fileRef = 46FE7C492BA8A28F00100FD1 /* FavouritesListRow.swift */; };
		46FE7C4C2BA8A3D600100FD1 /* TODO.swift in Sources */ = {isa = PBXBuildFile; fileRef = 46FE7C4B2BA8A3D600100FD1 /* TODO.swift */; };
		46FE7C4E2BA8A65E00100FD1 /* MainTabView.swift in Sources */ = {isa = PBXBuildFile; fileRef = 46FE7C4D2BA8A65E00100FD1 /* MainTabView.swift */; };
		46FE7C502BA9BFA400100FD1 /* OnboardingView.swift in Sources */ = {isa = PBXBuildFile; fileRef = 46FE7C4F2BA9BFA400100FD1 /* OnboardingView.swift */; };
		46FE7C522BAA055800100FD1 /* FavouritesViewModel.swift in Sources */ = {isa = PBXBuildFile; fileRef = 46FE7C512BAA055800100FD1 /* FavouritesViewModel.swift */; };
		46FE7C562BADBA1600100FD1 /* ContentUnavailableView.swift in Sources */ = {isa = PBXBuildFile; fileRef = 46FE7C552BADBA1600100FD1 /* ContentUnavailableView.swift */; };
/* End PBXBuildFile section */

/* Begin PBXFileReference section */
		4624A1192BADEF9E0014D729 /* NoItemsView.swift */ = {isa = PBXFileReference; lastKnownFileType = sourcecode.swift; path = NoItemsView.swift; sourceTree = "<group>"; };
		4624A11C2BAE22C40014D729 /* Launch Screen.storyboard */ = {isa = PBXFileReference; lastKnownFileType = file.storyboard; path = "Launch Screen.storyboard"; sourceTree = "<group>"; };
		4624A1502BB49AE10014D729 /* SoundManager.swift */ = {isa = PBXFileReference; lastKnownFileType = sourcecode.swift; path = SoundManager.swift; sourceTree = "<group>"; };
		4624A1532BB49C240014D729 /* Harry-Potter-Theme.mp3 */ = {isa = PBXFileReference; lastKnownFileType = audio.mp3; path = "Harry-Potter-Theme.mp3"; sourceTree = SOURCE_ROOT; };
		4624A1552BC01D0F0014D729 /* HapticsManager.swift */ = {isa = PBXFileReference; lastKnownFileType = sourcecode.swift; path = HapticsManager.swift; sourceTree = "<group>"; };
		4624A1572BC0213A0014D729 /* NotificationManager.swift */ = {isa = PBXFileReference; lastKnownFileType = sourcecode.swift; path = NotificationManager.swift; sourceTree = "<group>"; };
		4624A1592BC18B3D0014D729 /* CharacterModel.swift */ = {isa = PBXFileReference; lastKnownFileType = sourcecode.swift; path = CharacterModel.swift; sourceTree = "<group>"; };
		4624A15B2BC1962C0014D729 /* APIManager.swift */ = {isa = PBXFileReference; lastKnownFileType = sourcecode.swift; path = APIManager.swift; sourceTree = "<group>"; };
		4624A2242BD686950014D729 /* Image.swift */ = {isa = PBXFileReference; lastKnownFileType = sourcecode.swift; path = Image.swift; sourceTree = "<group>"; };
		4624A22F2BD7D9550014D729 /* PreviewProvider.swift */ = {isa = PBXFileReference; lastKnownFileType = sourcecode.swift; path = PreviewProvider.swift; sourceTree = "<group>"; };
		4624A2362BD7E3C80014D729 /* DetailCollectionView.swift */ = {isa = PBXFileReference; lastKnownFileType = sourcecode.swift; path = DetailCollectionView.swift; sourceTree = "<group>"; };
		4624A2382BD97B790014D729 /* DescriptionViewGeneric.swift */ = {isa = PBXFileReference; lastKnownFileType = sourcecode.swift; path = DescriptionViewGeneric.swift; sourceTree = "<group>"; };
		4624A23B2BD990B70014D729 /* DismissButton.swift */ = {isa = PBXFileReference; lastKnownFileType = sourcecode.swift; path = DismissButton.swift; sourceTree = "<group>"; };
		4624A23D2BD993800014D729 /* InfoGridView.swift */ = {isa = PBXFileReference; lastKnownFileType = sourcecode.swift; path = InfoGridView.swift; sourceTree = "<group>"; };
		4624A23F2BDA7ED40014D729 /* MoreInfoSheet.swift */ = {isa = PBXFileReference; lastKnownFileType = sourcecode.swift; path = MoreInfoSheet.swift; sourceTree = "<group>"; };
		4624A2432BDFD4720014D729 /* MovieModel.swift */ = {isa = PBXFileReference; lastKnownFileType = sourcecode.swift; path = MovieModel.swift; sourceTree = "<group>"; };
		4624A2472BE389780014D729 /* MovieDetailsView.swift */ = {isa = PBXFileReference; lastKnownFileType = sourcecode.swift; path = MovieDetailsView.swift; sourceTree = "<group>"; };
		4624A2492BE3A6E80014D729 /* MovieDetailsViewModel.swift */ = {isa = PBXFileReference; lastKnownFileType = sourcecode.swift; path = MovieDetailsViewModel.swift; sourceTree = "<group>"; };
		4624A24B2BEB95950014D729 /* OvalComponentView.swift */ = {isa = PBXFileReference; lastKnownFileType = sourcecode.swift; path = OvalComponentView.swift; sourceTree = "<group>"; };
		4626405A2BA0949A00F5F22C /* HarryPotterLand.app */ = {isa = PBXFileReference; explicitFileType = wrapper.application; includeInIndex = 0; path = HarryPotterLand.app; sourceTree = BUILT_PRODUCTS_DIR; };
		4626405D2BA0949A00F5F22C /* HarryPotterLandApp.swift */ = {isa = PBXFileReference; lastKnownFileType = sourcecode.swift; path = HarryPotterLandApp.swift; sourceTree = "<group>"; };
		462640612BA0949C00F5F22C /* Assets.xcassets */ = {isa = PBXFileReference; lastKnownFileType = folder.assetcatalog; path = Assets.xcassets; sourceTree = "<group>"; };
		462640642BA0949C00F5F22C /* Preview Assets.xcassets */ = {isa = PBXFileReference; lastKnownFileType = folder.assetcatalog; path = "Preview Assets.xcassets"; sourceTree = "<group>"; };
		4626406B2BA095E700F5F22C /* WelcomeView.swift */ = {isa = PBXFileReference; lastKnownFileType = sourcecode.swift; path = WelcomeView.swift; sourceTree = "<group>"; };
		4626406E2BA096F000F5F22C /* HarryP-MVZ6w.ttf */ = {isa = PBXFileReference; lastKnownFileType = file; name = "HarryP-MVZ6w.ttf"; path = "harry-p-font/HarryP-MVZ6w.ttf"; sourceTree = SOURCE_ROOT; };
		462640702BA0970F00F5F22C /* Info.plist */ = {isa = PBXFileReference; lastKnownFileType = text.plist; path = Info.plist; sourceTree = "<group>"; };
		462640722BA0977500F5F22C /* Constants.swift */ = {isa = PBXFileReference; lastKnownFileType = sourcecode.swift; path = Constants.swift; sourceTree = "<group>"; };
		462640752BA0C14F00F5F22C /* HomeView.swift */ = {isa = PBXFileReference; lastKnownFileType = sourcecode.swift; path = HomeView.swift; sourceTree = "<group>"; };
		462640782BA0C21B00F5F22C /* ImageLoaderManager.swift */ = {isa = PBXFileReference; lastKnownFileType = sourcecode.swift; path = ImageLoaderManager.swift; sourceTree = "<group>"; };
		4626407B2BA0CCD900F5F22C /* HomeViewModel.swift */ = {isa = PBXFileReference; lastKnownFileType = sourcecode.swift; path = HomeViewModel.swift; sourceTree = "<group>"; };
		4626407E2BA0FDB400F5F22C /* ViewModifiers.swift */ = {isa = PBXFileReference; lastKnownFileType = sourcecode.swift; path = ViewModifiers.swift; sourceTree = "<group>"; };
		462640802BA104D000F5F22C /* CharacterDetailsView.swift */ = {isa = PBXFileReference; lastKnownFileType = sourcecode.swift; path = CharacterDetailsView.swift; sourceTree = "<group>"; };
		462640862BA1F12C00F5F22C /* CharacterDetailsViewModel.swift */ = {isa = PBXFileReference; lastKnownFileType = sourcecode.swift; path = CharacterDetailsViewModel.swift; sourceTree = "<group>"; };
		462640882BA46FAB00F5F22C /* ReusableGridView.swift */ = {isa = PBXFileReference; lastKnownFileType = sourcecode.swift; path = ReusableGridView.swift; sourceTree = "<group>"; };
		46FE7C472BA89CF100100FD1 /* FavouritesView.swift */ = {isa = PBXFileReference; lastKnownFileType = sourcecode.swift; path = FavouritesView.swift; sourceTree = "<group>"; };
		46FE7C492BA8A28F00100FD1 /* FavouritesListRow.swift */ = {isa = PBXFileReference; lastKnownFileType = sourcecode.swift; path = FavouritesListRow.swift; sourceTree = "<group>"; };
		46FE7C4B2BA8A3D600100FD1 /* TODO.swift */ = {isa = PBXFileReference; lastKnownFileType = sourcecode.swift; path = TODO.swift; sourceTree = "<group>"; };
		46FE7C4D2BA8A65E00100FD1 /* MainTabView.swift */ = {isa = PBXFileReference; lastKnownFileType = sourcecode.swift; path = MainTabView.swift; sourceTree = "<group>"; };
		46FE7C4F2BA9BFA400100FD1 /* OnboardingView.swift */ = {isa = PBXFileReference; lastKnownFileType = sourcecode.swift; path = OnboardingView.swift; sourceTree = "<group>"; };
		46FE7C512BAA055800100FD1 /* FavouritesViewModel.swift */ = {isa = PBXFileReference; lastKnownFileType = sourcecode.swift; path = FavouritesViewModel.swift; sourceTree = "<group>"; };
		46FE7C552BADBA1600100FD1 /* ContentUnavailableView.swift */ = {isa = PBXFileReference; lastKnownFileType = sourcecode.swift; path = ContentUnavailableView.swift; sourceTree = "<group>"; };
/* End PBXFileReference section */

/* Begin PBXFrameworksBuildPhase section */
		462640572BA0949A00F5F22C /* Frameworks */ = {
			isa = PBXFrameworksBuildPhase;
			buildActionMask = 2147483647;
			files = (
				4624A2332BD7E0FB0014D729 /* CachedAsyncImage in Frameworks */,
			);
			runOnlyForDeploymentPostprocessing = 0;
		};
/* End PBXFrameworksBuildPhase section */

/* Begin PBXGroup section */
		4624A11B2BADF0580014D729 /* Favourites */ = {
			isa = PBXGroup;
			children = (
				46FE7C472BA89CF100100FD1 /* FavouritesView.swift */,
				46FE7C512BAA055800100FD1 /* FavouritesViewModel.swift */,
				4624A1192BADEF9E0014D729 /* NoItemsView.swift */,
				46FE7C492BA8A28F00100FD1 /* FavouritesListRow.swift */,
			);
			path = Favourites;
			sourceTree = "<group>";
		};
		4624A11E2BAE24390014D729 /* Models */ = {
			isa = PBXGroup;
			children = (
				4624A1592BC18B3D0014D729 /* CharacterModel.swift */,
				4624A2432BDFD4720014D729 /* MovieModel.swift */,
			);
			path = Models;
			sourceTree = "<group>";
		};
		4624A1522BB49C0C0014D729 /* Sounds */ = {
			isa = PBXGroup;
			children = (
				4624A1532BB49C240014D729 /* Harry-Potter-Theme.mp3 */,
			);
			path = Sounds;
			sourceTree = "<group>";
		};
		4624A2232BD686880014D729 /* Extensions */ = {
			isa = PBXGroup;
			children = (
				4624A2242BD686950014D729 /* Image.swift */,
				4624A22F2BD7D9550014D729 /* PreviewProvider.swift */,
			);
			path = Extensions;
			sourceTree = "<group>";
		};
		4624A2262BD6968B0014D729 /* DetailsView */ = {
			isa = PBXGroup;
			children = (
				4624A2462BE389640014D729 /* Movie */,
				4624A2452BE389130014D729 /* Character */,
				4624A2362BD7E3C80014D729 /* DetailCollectionView.swift */,
				4624A2382BD97B790014D729 /* DescriptionViewGeneric.swift */,
				4624A23F2BDA7ED40014D729 /* MoreInfoSheet.swift */,
				4624A23D2BD993800014D729 /* InfoGridView.swift */,
			);
			path = DetailsView;
			sourceTree = "<group>";
		};
		4624A2292BD6978D0014D729 /* Launch */ = {
			isa = PBXGroup;
			children = (
				4624A11C2BAE22C40014D729 /* Launch Screen.storyboard */,
			);
			path = Launch;
			sourceTree = "<group>";
		};
		4624A22A2BD697A30014D729 /* WelcomeViews */ = {
			isa = PBXGroup;
			children = (
				4626406B2BA095E700F5F22C /* WelcomeView.swift */,
				46FE7C4F2BA9BFA400100FD1 /* OnboardingView.swift */,
			);
			path = WelcomeViews;
			sourceTree = "<group>";
		};
		4624A23A2BD990A70014D729 /* Buttons */ = {
			isa = PBXGroup;
			children = (
				4624A23B2BD990B70014D729 /* DismissButton.swift */,
			);
			path = Buttons;
			sourceTree = "<group>";
		};
		4624A2452BE389130014D729 /* Character */ = {
			isa = PBXGroup;
			children = (
				462640802BA104D000F5F22C /* CharacterDetailsView.swift */,
				462640862BA1F12C00F5F22C /* CharacterDetailsViewModel.swift */,
			);
			path = Character;
			sourceTree = "<group>";
		};
		4624A2462BE389640014D729 /* Movie */ = {
			isa = PBXGroup;
			children = (
				4624A2472BE389780014D729 /* MovieDetailsView.swift */,
				4624A2492BE3A6E80014D729 /* MovieDetailsViewModel.swift */,
			);
			path = Movie;
			sourceTree = "<group>";
		};
		462640512BA0949A00F5F22C = {
			isa = PBXGroup;
			children = (
				4626405C2BA0949A00F5F22C /* HarryPotterLand */,
				4626405B2BA0949A00F5F22C /* Products */,
			);
			sourceTree = "<group>";
		};
		4626405B2BA0949A00F5F22C /* Products */ = {
			isa = PBXGroup;
			children = (
				4626405A2BA0949A00F5F22C /* HarryPotterLand.app */,
			);
			name = Products;
			sourceTree = "<group>";
		};
		4626405C2BA0949A00F5F22C /* HarryPotterLand */ = {
			isa = PBXGroup;
			children = (
				462640742BA0985900F5F22C /* Utilities */,
				4624A2232BD686880014D729 /* Extensions */,
				462640772BA0C1E500F5F22C /* Services */,
				4624A11E2BAE24390014D729 /* Models */,
				4626407D2BA0CCE600F5F22C /* Core */,
				462640612BA0949C00F5F22C /* Assets.xcassets */,
				462640702BA0970F00F5F22C /* Info.plist */,
				462640632BA0949C00F5F22C /* Preview Content */,
				4626405D2BA0949A00F5F22C /* HarryPotterLandApp.swift */,
				46FE7C4B2BA8A3D600100FD1 /* TODO.swift */,
			);
			path = HarryPotterLand;
			sourceTree = "<group>";
		};
		462640632BA0949C00F5F22C /* Preview Content */ = {
			isa = PBXGroup;
			children = (
				462640642BA0949C00F5F22C /* Preview Assets.xcassets */,
			);
			path = "Preview Content";
			sourceTree = "<group>";
		};
		4626406D2BA096A800F5F22C /* Fonts */ = {
			isa = PBXGroup;
			children = (
				4626406E2BA096F000F5F22C /* HarryP-MVZ6w.ttf */,
			);
			path = Fonts;
			sourceTree = "<group>";
		};
		462640742BA0985900F5F22C /* Utilities */ = {
			isa = PBXGroup;
			children = (
				4626407E2BA0FDB400F5F22C /* ViewModifiers.swift */,
				462640722BA0977500F5F22C /* Constants.swift */,
				4624A1522BB49C0C0014D729 /* Sounds */,
				4626406D2BA096A800F5F22C /* Fonts */,
			);
			path = Utilities;
			sourceTree = "<group>";
		};
		462640772BA0C1E500F5F22C /* Services */ = {
			isa = PBXGroup;
			children = (
				462640782BA0C21B00F5F22C /* ImageLoaderManager.swift */,
				4624A1502BB49AE10014D729 /* SoundManager.swift */,
				4624A1552BC01D0F0014D729 /* HapticsManager.swift */,
				4624A1572BC0213A0014D729 /* NotificationManager.swift */,
				4624A15B2BC1962C0014D729 /* APIManager.swift */,
			);
			path = Services;
			sourceTree = "<group>";
		};
		4626407A2BA0CCC600F5F22C /* ViewModels */ = {
			isa = PBXGroup;
			children = (
				4626407B2BA0CCD900F5F22C /* HomeViewModel.swift */,
			);
			path = ViewModels;
			sourceTree = "<group>";
		};
		4626407D2BA0CCE600F5F22C /* Core */ = {
			isa = PBXGroup;
			children = (
				46FE7C572BADBA1E00100FD1 /* Components */,
				4624A2292BD6978D0014D729 /* Launch */,
				4624A22A2BD697A30014D729 /* WelcomeViews */,
				46FE7C4D2BA8A65E00100FD1 /* MainTabView.swift */,
				462640752BA0C14F00F5F22C /* HomeView.swift */,
				4626407A2BA0CCC600F5F22C /* ViewModels */,
				4624A2262BD6968B0014D729 /* DetailsView */,
				4624A11B2BADF0580014D729 /* Favourites */,
			);
			path = Core;
			sourceTree = "<group>";
		};
		46FE7C572BADBA1E00100FD1 /* Components */ = {
			isa = PBXGroup;
			children = (
				4624A23A2BD990A70014D729 /* Buttons */,
				46FE7C552BADBA1600100FD1 /* ContentUnavailableView.swift */,
				462640882BA46FAB00F5F22C /* ReusableGridView.swift */,
				4624A24B2BEB95950014D729 /* OvalComponentView.swift */,
			);
			path = Components;
			sourceTree = "<group>";
		};
/* End PBXGroup section */

/* Begin PBXNativeTarget section */
		462640592BA0949A00F5F22C /* HarryPotterLand */ = {
			isa = PBXNativeTarget;
			buildConfigurationList = 462640682BA0949C00F5F22C /* Build configuration list for PBXNativeTarget "HarryPotterLand" */;
			buildPhases = (
				462640562BA0949A00F5F22C /* Sources */,
				462640572BA0949A00F5F22C /* Frameworks */,
				462640582BA0949A00F5F22C /* Resources */,
			);
			buildRules = (
			);
			dependencies = (
			);
			name = HarryPotterLand;
			packageProductDependencies = (
				4624A2322BD7E0FB0014D729 /* CachedAsyncImage */,
			);
			productName = HarryPotterLand;
			productReference = 4626405A2BA0949A00F5F22C /* HarryPotterLand.app */;
			productType = "com.apple.product-type.application";
		};
/* End PBXNativeTarget section */

/* Begin PBXProject section */
		462640522BA0949A00F5F22C /* Project object */ = {
			isa = PBXProject;
			attributes = {
				BuildIndependentTargetsInParallel = 1;
				LastSwiftUpdateCheck = 1430;
				LastUpgradeCheck = 1530;
				TargetAttributes = {
					462640592BA0949A00F5F22C = {
						CreatedOnToolsVersion = 14.3;
					};
				};
			};
			buildConfigurationList = 462640552BA0949A00F5F22C /* Build configuration list for PBXProject "HarryPotterLand" */;
			compatibilityVersion = "Xcode 14.0";
			developmentRegion = en;
			hasScannedForEncodings = 0;
			knownRegions = (
				en,
				Base,
			);
			mainGroup = 462640512BA0949A00F5F22C;
			packageReferences = (
				4624A2312BD7E0FB0014D729 /* XCRemoteSwiftPackageReference "swiftui-cached-async-image" */,
			);
			productRefGroup = 4626405B2BA0949A00F5F22C /* Products */;
			projectDirPath = "";
			projectRoot = "";
			targets = (
				462640592BA0949A00F5F22C /* HarryPotterLand */,
			);
		};
/* End PBXProject section */

/* Begin PBXResourcesBuildPhase section */
		462640582BA0949A00F5F22C /* Resources */ = {
			isa = PBXResourcesBuildPhase;
			buildActionMask = 2147483647;
			files = (
				4626406F2BA096F000F5F22C /* HarryP-MVZ6w.ttf in Resources */,
				4624A1542BB49C240014D729 /* Harry-Potter-Theme.mp3 in Resources */,
				462640652BA0949C00F5F22C /* Preview Assets.xcassets in Resources */,
				4624A11D2BAE22C40014D729 /* Launch Screen.storyboard in Resources */,
				462640622BA0949C00F5F22C /* Assets.xcassets in Resources */,
			);
			runOnlyForDeploymentPostprocessing = 0;
		};
/* End PBXResourcesBuildPhase section */

/* Begin PBXSourcesBuildPhase section */
		462640562BA0949A00F5F22C /* Sources */ = {
			isa = PBXSourcesBuildPhase;
			buildActionMask = 2147483647;
			files = (
				462640812BA104D000F5F22C /* CharacterDetailsView.swift in Sources */,
				462640792BA0C21B00F5F22C /* ImageLoaderManager.swift in Sources */,
				4624A2442BDFD4720014D729 /* MovieModel.swift in Sources */,
				46FE7C522BAA055800100FD1 /* FavouritesViewModel.swift in Sources */,
				46FE7C482BA89CF100100FD1 /* FavouritesView.swift in Sources */,
				4624A24A2BE3A6E80014D729 /* MovieDetailsViewModel.swift in Sources */,
				4624A1562BC01D0F0014D729 /* HapticsManager.swift in Sources */,
				46FE7C562BADBA1600100FD1 /* ContentUnavailableView.swift in Sources */,
				4624A2402BDA7ED40014D729 /* MoreInfoSheet.swift in Sources */,
				4624A1512BB49AE10014D729 /* SoundManager.swift in Sources */,
				4624A2302BD7D9550014D729 /* PreviewProvider.swift in Sources */,
				46FE7C4E2BA8A65E00100FD1 /* MainTabView.swift in Sources */,
				4624A24C2BEB95950014D729 /* OvalComponentView.swift in Sources */,
				4626407F2BA0FDB400F5F22C /* ViewModifiers.swift in Sources */,
				46FE7C4C2BA8A3D600100FD1 /* TODO.swift in Sources */,
				4626406C2BA095E700F5F22C /* WelcomeView.swift in Sources */,
				462640762BA0C14F00F5F22C /* HomeView.swift in Sources */,
				4624A2392BD97B790014D729 /* DescriptionViewGeneric.swift in Sources */,
				462640872BA1F12C00F5F22C /* CharacterDetailsViewModel.swift in Sources */,
				4624A2372BD7E3C80014D729 /* DetailCollectionView.swift in Sources */,
				4624A2482BE389780014D729 /* MovieDetailsView.swift in Sources */,
				4626405E2BA0949A00F5F22C /* HarryPotterLandApp.swift in Sources */,
				4624A23C2BD990B70014D729 /* DismissButton.swift in Sources */,
				4624A11A2BADEF9E0014D729 /* NoItemsView.swift in Sources */,
				46FE7C4A2BA8A28F00100FD1 /* FavouritesListRow.swift in Sources */,
				462640892BA46FAB00F5F22C /* ReusableGridView.swift in Sources */,
				4624A2252BD686950014D729 /* Image.swift in Sources */,
				4626407C2BA0CCD900F5F22C /* HomeViewModel.swift in Sources */,
				46FE7C502BA9BFA400100FD1 /* OnboardingView.swift in Sources */,
				4624A15A2BC18B3D0014D729 /* CharacterModel.swift in Sources */,
				4624A15C2BC1962C0014D729 /* APIManager.swift in Sources */,
				462640732BA0977500F5F22C /* Constants.swift in Sources */,
				4624A23E2BD993800014D729 /* InfoGridView.swift in Sources */,
				4624A1582BC0213A0014D729 /* NotificationManager.swift in Sources */,
			);
			runOnlyForDeploymentPostprocessing = 0;
		};
/* End PBXSourcesBuildPhase section */

/* Begin XCBuildConfiguration section */
		462640662BA0949C00F5F22C /* Debug */ = {
			isa = XCBuildConfiguration;
			buildSettings = {
				ALWAYS_SEARCH_USER_PATHS = NO;
				CLANG_ANALYZER_NONNULL = YES;
				CLANG_ANALYZER_NUMBER_OBJECT_CONVERSION = YES_AGGRESSIVE;
				CLANG_CXX_LANGUAGE_STANDARD = "gnu++20";
				CLANG_ENABLE_MODULES = YES;
				CLANG_ENABLE_OBJC_ARC = YES;
				CLANG_ENABLE_OBJC_WEAK = YES;
				CLANG_WARN_BLOCK_CAPTURE_AUTORELEASING = YES;
				CLANG_WARN_BOOL_CONVERSION = YES;
				CLANG_WARN_COMMA = YES;
				CLANG_WARN_CONSTANT_CONVERSION = YES;
				CLANG_WARN_DEPRECATED_OBJC_IMPLEMENTATIONS = YES;
				CLANG_WARN_DIRECT_OBJC_ISA_USAGE = YES_ERROR;
				CLANG_WARN_DOCUMENTATION_COMMENTS = YES;
				CLANG_WARN_EMPTY_BODY = YES;
				CLANG_WARN_ENUM_CONVERSION = YES;
				CLANG_WARN_INFINITE_RECURSION = YES;
				CLANG_WARN_INT_CONVERSION = YES;
				CLANG_WARN_NON_LITERAL_NULL_CONVERSION = YES;
				CLANG_WARN_OBJC_IMPLICIT_RETAIN_SELF = YES;
				CLANG_WARN_OBJC_LITERAL_CONVERSION = YES;
				CLANG_WARN_OBJC_ROOT_CLASS = YES_ERROR;
				CLANG_WARN_QUOTED_INCLUDE_IN_FRAMEWORK_HEADER = YES;
				CLANG_WARN_RANGE_LOOP_ANALYSIS = YES;
				CLANG_WARN_STRICT_PROTOTYPES = YES;
				CLANG_WARN_SUSPICIOUS_MOVE = YES;
				CLANG_WARN_UNGUARDED_AVAILABILITY = YES_AGGRESSIVE;
				CLANG_WARN_UNREACHABLE_CODE = YES;
				CLANG_WARN__DUPLICATE_METHOD_MATCH = YES;
				COPY_PHASE_STRIP = NO;
				DEBUG_INFORMATION_FORMAT = dwarf;
				ENABLE_STRICT_OBJC_MSGSEND = YES;
				ENABLE_TESTABILITY = YES;
				ENABLE_USER_SCRIPT_SANDBOXING = YES;
				GCC_C_LANGUAGE_STANDARD = gnu11;
				GCC_DYNAMIC_NO_PIC = NO;
				GCC_NO_COMMON_BLOCKS = YES;
				GCC_OPTIMIZATION_LEVEL = 0;
				GCC_PREPROCESSOR_DEFINITIONS = (
					"DEBUG=1",
					"$(inherited)",
				);
				GCC_WARN_64_TO_32_BIT_CONVERSION = YES;
				GCC_WARN_ABOUT_RETURN_TYPE = YES_ERROR;
				GCC_WARN_UNDECLARED_SELECTOR = YES;
				GCC_WARN_UNINITIALIZED_AUTOS = YES_AGGRESSIVE;
				GCC_WARN_UNUSED_FUNCTION = YES;
				GCC_WARN_UNUSED_VARIABLE = YES;
				IPHONEOS_DEPLOYMENT_TARGET = 17.0;
				MTL_ENABLE_DEBUG_INFO = INCLUDE_SOURCE;
				MTL_FAST_MATH = YES;
				ONLY_ACTIVE_ARCH = YES;
				SDKROOT = iphoneos;
				SWIFT_ACTIVE_COMPILATION_CONDITIONS = DEBUG;
				SWIFT_OPTIMIZATION_LEVEL = "-Onone";
			};
			name = Debug;
		};
		462640672BA0949C00F5F22C /* Release */ = {
			isa = XCBuildConfiguration;
			buildSettings = {
				ALWAYS_SEARCH_USER_PATHS = NO;
				CLANG_ANALYZER_NONNULL = YES;
				CLANG_ANALYZER_NUMBER_OBJECT_CONVERSION = YES_AGGRESSIVE;
				CLANG_CXX_LANGUAGE_STANDARD = "gnu++20";
				CLANG_ENABLE_MODULES = YES;
				CLANG_ENABLE_OBJC_ARC = YES;
				CLANG_ENABLE_OBJC_WEAK = YES;
				CLANG_WARN_BLOCK_CAPTURE_AUTORELEASING = YES;
				CLANG_WARN_BOOL_CONVERSION = YES;
				CLANG_WARN_COMMA = YES;
				CLANG_WARN_CONSTANT_CONVERSION = YES;
				CLANG_WARN_DEPRECATED_OBJC_IMPLEMENTATIONS = YES;
				CLANG_WARN_DIRECT_OBJC_ISA_USAGE = YES_ERROR;
				CLANG_WARN_DOCUMENTATION_COMMENTS = YES;
				CLANG_WARN_EMPTY_BODY = YES;
				CLANG_WARN_ENUM_CONVERSION = YES;
				CLANG_WARN_INFINITE_RECURSION = YES;
				CLANG_WARN_INT_CONVERSION = YES;
				CLANG_WARN_NON_LITERAL_NULL_CONVERSION = YES;
				CLANG_WARN_OBJC_IMPLICIT_RETAIN_SELF = YES;
				CLANG_WARN_OBJC_LITERAL_CONVERSION = YES;
				CLANG_WARN_OBJC_ROOT_CLASS = YES_ERROR;
				CLANG_WARN_QUOTED_INCLUDE_IN_FRAMEWORK_HEADER = YES;
				CLANG_WARN_RANGE_LOOP_ANALYSIS = YES;
				CLANG_WARN_STRICT_PROTOTYPES = YES;
				CLANG_WARN_SUSPICIOUS_MOVE = YES;
				CLANG_WARN_UNGUARDED_AVAILABILITY = YES_AGGRESSIVE;
				CLANG_WARN_UNREACHABLE_CODE = YES;
				CLANG_WARN__DUPLICATE_METHOD_MATCH = YES;
				COPY_PHASE_STRIP = NO;
				DEBUG_INFORMATION_FORMAT = "dwarf-with-dsym";
				ENABLE_NS_ASSERTIONS = NO;
				ENABLE_STRICT_OBJC_MSGSEND = YES;
				ENABLE_USER_SCRIPT_SANDBOXING = YES;
				GCC_C_LANGUAGE_STANDARD = gnu11;
				GCC_NO_COMMON_BLOCKS = YES;
				GCC_WARN_64_TO_32_BIT_CONVERSION = YES;
				GCC_WARN_ABOUT_RETURN_TYPE = YES_ERROR;
				GCC_WARN_UNDECLARED_SELECTOR = YES;
				GCC_WARN_UNINITIALIZED_AUTOS = YES_AGGRESSIVE;
				GCC_WARN_UNUSED_FUNCTION = YES;
				GCC_WARN_UNUSED_VARIABLE = YES;
				IPHONEOS_DEPLOYMENT_TARGET = 17.0;
				MTL_ENABLE_DEBUG_INFO = NO;
				MTL_FAST_MATH = YES;
				SDKROOT = iphoneos;
				SWIFT_COMPILATION_MODE = wholemodule;
				SWIFT_OPTIMIZATION_LEVEL = "-O";
				VALIDATE_PRODUCT = YES;
			};
			name = Release;
		};
		462640692BA0949C00F5F22C /* Debug */ = {
			isa = XCBuildConfiguration;
			buildSettings = {
				ASSETCATALOG_COMPILER_APPICON_NAME = AppIcon;
				ASSETCATALOG_COMPILER_GLOBAL_ACCENT_COLOR_NAME = AccentColor;
				CODE_SIGN_STYLE = Automatic;
				CURRENT_PROJECT_VERSION = 1;
				DEVELOPMENT_ASSET_PATHS = "\"HarryPotterLand/Preview Content\"";
				DEVELOPMENT_TEAM = 22NX7WBF6A;
				ENABLE_PREVIEWS = YES;
				GENERATE_INFOPLIST_FILE = YES;
				INFOPLIST_FILE = HarryPotterLand/Info.plist;
				INFOPLIST_KEY_UIApplicationSceneManifest_Generation = YES;
				INFOPLIST_KEY_UIApplicationSupportsIndirectInputEvents = YES;
				INFOPLIST_KEY_UILaunchScreen_Generation = YES;
				INFOPLIST_KEY_UILaunchStoryboardName = None;
				INFOPLIST_KEY_UISupportedInterfaceOrientations_iPad = "UIInterfaceOrientationPortrait UIInterfaceOrientationPortraitUpsideDown UIInterfaceOrientationLandscapeLeft UIInterfaceOrientationLandscapeRight";
				INFOPLIST_KEY_UISupportedInterfaceOrientations_iPhone = "UIInterfaceOrientationPortrait UIInterfaceOrientationLandscapeLeft UIInterfaceOrientationLandscapeRight";
				IPHONEOS_DEPLOYMENT_TARGET = 16.0;
				LD_RUNPATH_SEARCH_PATHS = (
					"$(inherited)",
					"@executable_path/Frameworks",
				);
				MARKETING_VERSION = 1.0;
				PRODUCT_BUNDLE_IDENTIFIER = patka.HarryPotterLand;
				PRODUCT_NAME = "$(TARGET_NAME)";
				SWIFT_EMIT_LOC_STRINGS = YES;
				SWIFT_VERSION = 5.0;
				TARGETED_DEVICE_FAMILY = "1,2";
			};
			name = Debug;
		};
		4626406A2BA0949C00F5F22C /* Release */ = {
			isa = XCBuildConfiguration;
			buildSettings = {
				ASSETCATALOG_COMPILER_APPICON_NAME = AppIcon;
				ASSETCATALOG_COMPILER_GLOBAL_ACCENT_COLOR_NAME = AccentColor;
				CODE_SIGN_STYLE = Automatic;
				CURRENT_PROJECT_VERSION = 1;
				DEVELOPMENT_ASSET_PATHS = "\"HarryPotterLand/Preview Content\"";
				DEVELOPMENT_TEAM = 22NX7WBF6A;
				ENABLE_PREVIEWS = YES;
				GENERATE_INFOPLIST_FILE = YES;
				INFOPLIST_FILE = HarryPotterLand/Info.plist;
				INFOPLIST_KEY_UIApplicationSceneManifest_Generation = YES;
				INFOPLIST_KEY_UIApplicationSupportsIndirectInputEvents = YES;
				INFOPLIST_KEY_UILaunchScreen_Generation = YES;
				INFOPLIST_KEY_UILaunchStoryboardName = None;
				INFOPLIST_KEY_UISupportedInterfaceOrientations_iPad = "UIInterfaceOrientationPortrait UIInterfaceOrientationPortraitUpsideDown UIInterfaceOrientationLandscapeLeft UIInterfaceOrientationLandscapeRight";
				INFOPLIST_KEY_UISupportedInterfaceOrientations_iPhone = "UIInterfaceOrientationPortrait UIInterfaceOrientationLandscapeLeft UIInterfaceOrientationLandscapeRight";
				IPHONEOS_DEPLOYMENT_TARGET = 16.0;
				LD_RUNPATH_SEARCH_PATHS = (
					"$(inherited)",
					"@executable_path/Frameworks",
				);
				MARKETING_VERSION = 1.0;
				PRODUCT_BUNDLE_IDENTIFIER = patka.HarryPotterLand;
				PRODUCT_NAME = "$(TARGET_NAME)";
				SWIFT_EMIT_LOC_STRINGS = YES;
				SWIFT_VERSION = 5.0;
				TARGETED_DEVICE_FAMILY = "1,2";
			};
			name = Release;
		};
/* End XCBuildConfiguration section */

/* Begin XCConfigurationList section */
		462640552BA0949A00F5F22C /* Build configuration list for PBXProject "HarryPotterLand" */ = {
			isa = XCConfigurationList;
			buildConfigurations = (
				462640662BA0949C00F5F22C /* Debug */,
				462640672BA0949C00F5F22C /* Release */,
			);
			defaultConfigurationIsVisible = 0;
			defaultConfigurationName = Release;
		};
		462640682BA0949C00F5F22C /* Build configuration list for PBXNativeTarget "HarryPotterLand" */ = {
			isa = XCConfigurationList;
			buildConfigurations = (
				462640692BA0949C00F5F22C /* Debug */,
				4626406A2BA0949C00F5F22C /* Release */,
			);
			defaultConfigurationIsVisible = 0;
			defaultConfigurationName = Release;
		};
/* End XCConfigurationList section */

/* Begin XCRemoteSwiftPackageReference section */
		4624A2312BD7E0FB0014D729 /* XCRemoteSwiftPackageReference "swiftui-cached-async-image" */ = {
			isa = XCRemoteSwiftPackageReference;
			repositoryURL = "https://github.com/lorenzofiamingo/swiftui-cached-async-image.git";
			requirement = {
				kind = upToNextMajorVersion;
				minimumVersion = 2.1.1;
			};
		};
/* End XCRemoteSwiftPackageReference section */

/* Begin XCSwiftPackageProductDependency section */
		4624A2322BD7E0FB0014D729 /* CachedAsyncImage */ = {
			isa = XCSwiftPackageProductDependency;
			package = 4624A2312BD7E0FB0014D729 /* XCRemoteSwiftPackageReference "swiftui-cached-async-image" */;
			productName = CachedAsyncImage;
		};
/* End XCSwiftPackageProductDependency section */
	};
	rootObject = 462640522BA0949A00F5F22C /* Project object */;
}
